
Microsoft Visual Studio Solution File, Format Version 12.00
# Visual Studio Version 17
VisualStudioVersion = 17.4.33205.214
MinimumVisualStudioVersion = 10.0.40219.1
Project("{9A19103F-16F7-4668-BE54-9A1E7A4F7556}") = "CL.WebApi", "CL.WebApi\CL.WebApi.csproj", "{1F43FCBF-090A-4F2C-A67E-338E1482B2DA}"
	ProjectSection(ProjectDependencies) = postProject
		{56BAEA83-35F7-4F8B-A0C8-8EAD3338ED4B} = {56BAEA83-35F7-4F8B-A0C8-8EAD3338ED4B}
		{981618DF-0C17-4E3E-96B3-69E3200682FA} = {981618DF-0C17-4E3E-96B3-69E3200682FA}
	EndProjectSection
EndProject
Project("{2150E333-8FDC-42A3-9474-1A3956D46DE8}") = "01 - CL.WebApi", "01 - CL.WebApi", "{B4DE4901-8592-4F7D-9E84-087A67FE027F}"
EndProject
Project("{2150E333-8FDC-42A3-9474-1A3956D46DE8}") = "02 - CL.Manager", "02 - CL.Manager", "{34D84B39-B360-45D0-90A6-FF6B07B604C7}"
EndProject
Project("{2150E333-8FDC-42A3-9474-1A3956D46DE8}") = "03 - CL.Data", "03 - CL.Data", "{CD55768C-F68D-45FB-B0B0-E4F01B54E1C2}"
EndProject
Project("{2150E333-8FDC-42A3-9474-1A3956D46DE8}") = "04 - CL.Core", "04 - CL.Core", "{CF8B6ADF-8D32-440F-8735-AAAA2B3E6F8E}"
EndProject
Project("{2150E333-8FDC-42A3-9474-1A3956D46DE8}") = "05 - CL.Tests", "05 - CL.Tests", "{1E07B7E6-CBE7-4EC4-998A-62AFEF6F5673}"
EndProject
Project("{9A19103F-16F7-4668-BE54-9A1E7A4F7556}") = "CL.Manager", "CL.Manager\CL.Manager.csproj", "{56BAEA83-35F7-4F8B-A0C8-8EAD3338ED4B}"
EndProject
Project("{9A19103F-16F7-4668-BE54-9A1E7A4F7556}") = "CL.Data", "CL.Data\CL.Data.csproj", "{87E68241-6613-412B-8315-B859ADA56E94}"
EndProject
Project("{9A19103F-16F7-4668-BE54-9A1E7A4F7556}") = "CL.Core", "CL.Core\CL.Core.csproj", "{3DF6675F-7D16-4B5B-B59B-67C3B08BCCB4}"
EndProject
Project("{9A19103F-16F7-4668-BE54-9A1E7A4F7556}") = "CL.Tests", "CL.Tests\CL.Tests.csproj", "{981618DF-0C17-4E3E-96B3-69E3200682FA}"
EndProject
Global
	GlobalSection(SolutionConfigurationPlatforms) = preSolution
		Debug|Any CPU = Debug|Any CPU
		Release|Any CPU = Release|Any CPU
	EndGlobalSection
	GlobalSection(ProjectConfigurationPlatforms) = postSolution
		{1F43FCBF-090A-4F2C-A67E-338E1482B2DA}.Debug|Any CPU.ActiveCfg = Debug|Any CPU
		{1F43FCBF-090A-4F2C-A67E-338E1482B2DA}.Debug|Any CPU.Build.0 = Debug|Any CPU
		{1F43FCBF-090A-4F2C-A67E-338E1482B2DA}.Release|Any CPU.ActiveCfg = Release|Any CPU
		{1F43FCBF-090A-4F2C-A67E-338E1482B2DA}.Release|Any CPU.Build.0 = Release|Any CPU
		{56BAEA83-35F7-4F8B-A0C8-8EAD3338ED4B}.Debug|Any CPU.ActiveCfg = Debug|Any CPU
		{56BAEA83-35F7-4F8B-A0C8-8EAD3338ED4B}.Debug|Any CPU.Build.0 = Debug|Any CPU
		{56BAEA83-35F7-4F8B-A0C8-8EAD3338ED4B}.Release|Any CPU.ActiveCfg = Release|Any CPU
		{56BAEA83-35F7-4F8B-A0C8-8EAD3338ED4B}.Release|Any CPU.Build.0 = Release|Any CPU
		{87E68241-6613-412B-8315-B859ADA56E94}.Debug|Any CPU.ActiveCfg = Debug|Any CPU
		{87E68241-6613-412B-8315-B859ADA56E94}.Debug|Any CPU.Build.0 = Debug|Any CPU
		{87E68241-6613-412B-8315-B859ADA56E94}.Release|Any CPU.ActiveCfg = Release|Any CPU
		{87E68241-6613-412B-8315-B859ADA56E94}.Release|Any CPU.Build.0 = Release|Any CPU
		{3DF6675F-7D16-4B5B-B59B-67C3B08BCCB4}.Debug|Any CPU.ActiveCfg = Debug|Any CPU
		{3DF6675F-7D16-4B5B-B59B-67C3B08BCCB4}.Debug|Any CPU.Build.0 = Debug|Any CPU
		{3DF6675F-7D16-4B5B-B59B-67C3B08BCCB4}.Release|Any CPU.ActiveCfg = Release|Any CPU
		{3DF6675F-7D16-4B5B-B59B-67C3B08BCCB4}.Release|Any CPU.Build.0 = Release|Any CPU
		{981618DF-0C17-4E3E-96B3-69E3200682FA}.Debug|Any CPU.ActiveCfg = Debug|Any CPU
		{981618DF-0C17-4E3E-96B3-69E3200682FA}.Debug|Any CPU.Build.0 = Debug|Any CPU
		{981618DF-0C17-4E3E-96B3-69E3200682FA}.Release|Any CPU.ActiveCfg = Release|Any CPU
		{981618DF-0C17-4E3E-96B3-69E3200682FA}.Release|Any CPU.Build.0 = Release|Any CPU
	EndGlobalSection
	GlobalSection(SolutionProperties) = preSolution
		HideSolutionNode = FALSE
	EndGlobalSection
	GlobalSection(NestedProjects) = preSolution
		{1F43FCBF-090A-4F2C-A67E-338E1482B2DA} = {B4DE4901-8592-4F7D-9E84-087A67FE027F}
		{56BAEA83-35F7-4F8B-A0C8-8EAD3338ED4B} = {34D84B39-B360-45D0-90A6-FF6B07B604C7}
		{87E68241-6613-412B-8315-B859ADA56E94} = {CD55768C-F68D-45FB-B0B0-E4F01B54E1C2}
		{3DF6675F-7D16-4B5B-B59B-67C3B08BCCB4} = {CF8B6ADF-8D32-440F-8735-AAAA2B3E6F8E}
		{981618DF-0C17-4E3E-96B3-69E3200682FA} = {1E07B7E6-CBE7-4EC4-998A-62AFEF6F5673}
	EndGlobalSection
	GlobalSection(ExtensibilityGlobals) = postSolution
		SolutionGuid = {3CB1692D-5BDA-4DDC-A51D-4BC1038B47B8}
	EndGlobalSection
EndGlobal
